
Microsoft Visual Studio Solution File, Format Version 12.00
# Visual Studio Version 17
VisualStudioVersion = 17.12.35527.113 d17.12
MinimumVisualStudioVersion = 10.0.40219.1
Project("{FAE04EC0-301F-11D3-BF4B-00C04F79EFBC}") = "CSharpEgitimKampi301.EntityLayer", "CSharpEgitimKampi301.EntityLayer\CSharpEgitimKampi301.EntityLayer.csproj", "{776B5D43-4036-49CC-8E8C-6B3266608F09}"
EndProject
Project("{FAE04EC0-301F-11D3-BF4B-00C04F79EFBC}") = "CSharpEgitimKampi301.DataAccessLayer", "CSharpEgitimKampi301.DataAccessLayer\CSharpEgitimKampi301.DataAccessLayer.csproj", "{183D26DB-D442-4511-B5EE-ED444DE55FBE}"
EndProject
Project("{FAE04EC0-301F-11D3-BF4B-00C04F79EFBC}") = "CSharpEgitimKampi301.BusinessLayer", "CSharpEgitimKampi301.BusinessLayer\CSharpEgitimKampi301.BusinessLayer.csproj", "{1A52DC8A-A20D-432C-9CBC-DBBE347A8DE0}"
EndProject
Project("{FAE04EC0-301F-11D3-BF4B-00C04F79EFBC}") = "CSharpEgitimKampi301.PresentationLayer", "CSharpEgitimKampi301.PresentationLayer\CSharpEgitimKampi301.PresentationLayer.csproj", "{C91A3A2E-035A-4324-9880-EDBB93788034}"
EndProject
Global
	GlobalSection(SolutionConfigurationPlatforms) = preSolution
		Debug|Any CPU = Debug|Any CPU
		Release|Any CPU = Release|Any CPU
	EndGlobalSection
	GlobalSection(ProjectConfigurationPlatforms) = postSolution
		{776B5D43-4036-49CC-8E8C-6B3266608F09}.Debug|Any CPU.ActiveCfg = Debug|Any CPU
		{776B5D43-4036-49CC-8E8C-6B3266608F09}.Debug|Any CPU.Build.0 = Debug|Any CPU
		{776B5D43-4036-49CC-8E8C-6B3266608F09}.Release|Any CPU.ActiveCfg = Release|Any CPU
		{776B5D43-4036-49CC-8E8C-6B3266608F09}.Release|Any CPU.Build.0 = Release|Any CPU
		{183D26DB-D442-4511-B5EE-ED444DE55FBE}.Debug|Any CPU.ActiveCfg = Debug|Any CPU
		{183D26DB-D442-4511-B5EE-ED444DE55FBE}.Debug|Any CPU.Build.0 = Debug|Any CPU
		{183D26DB-D442-4511-B5EE-ED444DE55FBE}.Release|Any CPU.ActiveCfg = Release|Any CPU
		{183D26DB-D442-4511-B5EE-ED444DE55FBE}.Release|Any CPU.Build.0 = Release|Any CPU
		{1A52DC8A-A20D-432C-9CBC-DBBE347A8DE0}.Debug|Any CPU.ActiveCfg = Debug|Any CPU
		{1A52DC8A-A20D-432C-9CBC-DBBE347A8DE0}.Debug|Any CPU.Build.0 = Debug|Any CPU
		{1A52DC8A-A20D-432C-9CBC-DBBE347A8DE0}.Release|Any CPU.ActiveCfg = Release|Any CPU
		{1A52DC8A-A20D-432C-9CBC-DBBE347A8DE0}.Release|Any CPU.Build.0 = Release|Any CPU
		{C91A3A2E-035A-4324-9880-EDBB93788034}.Debug|Any CPU.ActiveCfg = Debug|Any CPU
		{C91A3A2E-035A-4324-9880-EDBB93788034}.Debug|Any CPU.Build.0 = Debug|Any CPU
		{C91A3A2E-035A-4324-9880-EDBB93788034}.Release|Any CPU.ActiveCfg = Release|Any CPU
		{C91A3A2E-035A-4324-9880-EDBB93788034}.Release|Any CPU.Build.0 = Release|Any CPU
	EndGlobalSection
	GlobalSection(SolutionProperties) = preSolution
		HideSolutionNode = FALSE
	EndGlobalSection
EndGlobal
